
Microsoft Visual Studio Solution File, Format Version 12.00
# Visual Studio Version 16
VisualStudioVersion = 16.0.31112.23
MinimumVisualStudioVersion = 10.0.40219.1
Project("{9A19103F-16F7-4668-BE54-9A1E7A4F7556}") = "MetaUI.NavControlAddInGenerator", "MetaUI.NavControlAddInGenerator\MetaUI.NavControlAddInGenerator.csproj", "{C4C2C484-7AFA-4024-8FCA-8F19DA0CC50B}"
EndProject
Project("{9A19103F-16F7-4668-BE54-9A1E7A4F7556}") = "MetaUI.NavControlAddInGenerator.Tests", "MetaUI.NavControlAddInGenerator.Tests\MetaUI.NavControlAddInGenerator.Tests.csproj", "{D1B4CE42-9041-4FFE-B212-5DBB2EFAEBD7}"
EndProject
Project("{9A19103F-16F7-4668-BE54-9A1E7A4F7556}") = "MetaUI.AzureNavAddInGenerator", "MetaUI.AzureNavAddInGenerator\MetaUI.AzureNavAddInGenerator.csproj", "{648C9BAD-7F76-4E16-B78E-442DF100FA8F}"
EndProject
Global
	GlobalSection(SolutionConfigurationPlatforms) = preSolution
		Debug|Any CPU = Debug|Any CPU
		Release|Any CPU = Release|Any CPU
	EndGlobalSection
	GlobalSection(ProjectConfigurationPlatforms) = postSolution
		{C4C2C484-7AFA-4024-8FCA-8F19DA0CC50B}.Debug|Any CPU.ActiveCfg = Debug|Any CPU
		{C4C2C484-7AFA-4024-8FCA-8F19DA0CC50B}.Debug|Any CPU.Build.0 = Debug|Any CPU
		{C4C2C484-7AFA-4024-8FCA-8F19DA0CC50B}.Release|Any CPU.ActiveCfg = Release|Any CPU
		{C4C2C484-7AFA-4024-8FCA-8F19DA0CC50B}.Release|Any CPU.Build.0 = Release|Any CPU
		{D1B4CE42-9041-4FFE-B212-5DBB2EFAEBD7}.Debug|Any CPU.ActiveCfg = Debug|Any CPU
		{D1B4CE42-9041-4FFE-B212-5DBB2EFAEBD7}.Debug|Any CPU.Build.0 = Debug|Any CPU
		{D1B4CE42-9041-4FFE-B212-5DBB2EFAEBD7}.Release|Any CPU.ActiveCfg = Release|Any CPU
		{D1B4CE42-9041-4FFE-B212-5DBB2EFAEBD7}.Release|Any CPU.Build.0 = Release|Any CPU
		{648C9BAD-7F76-4E16-B78E-442DF100FA8F}.Debug|Any CPU.ActiveCfg = Debug|Any CPU
		{648C9BAD-7F76-4E16-B78E-442DF100FA8F}.Debug|Any CPU.Build.0 = Debug|Any CPU
		{648C9BAD-7F76-4E16-B78E-442DF100FA8F}.Release|Any CPU.ActiveCfg = Release|Any CPU
		{648C9BAD-7F76-4E16-B78E-442DF100FA8F}.Release|Any CPU.Build.0 = Release|Any CPU
	EndGlobalSection
	GlobalSection(SolutionProperties) = preSolution
		HideSolutionNode = FALSE
	EndGlobalSection
	GlobalSection(ExtensibilityGlobals) = postSolution
		SolutionGuid = {FDE89380-E4BA-4B98-8951-DF8FEA4D8D7F}
	EndGlobalSection
EndGlobal
